{
  "name": "ignition",
  "version": "1.0.0",
  "lockfileVersion": 1,
  "requires": true,
  "dependencies": {
    "message-factory": {
      "version": "github:21-23/message-factory#96b6723ed86d2f6827401a6d0d60c5be55a01a02"
    },
    "phoenix": {
      "version": "github:21-23/phoenix#06370139bbc45003f7968710a825fd3b96b245a5"
    },
    "uws": {
      "version": "0.14.5",
      "resolved": "https://registry.npmjs.org/uws/-/uws-0.14.5.tgz",
      "integrity": "sha1-Z6rzPEaypYel9mZtAPdpEyjxSdw="
    }
  }
}
