{
  "name": "ignition",
  "version": "1.5.0",
  "lockfileVersion": 1,
  "requires": true,
  "dependencies": {
    "message-factory": {
      "version": "github:21-23/message-factory#15440e722f9090a43a33c85f22d6b2b0419edcec"
    },
    "phoenix": {
      "version": "github:21-23/phoenix#f6741fd869e069fcc5ba470be1b10e1da0cd24aa"
    },
    "uws": {
      "version": "0.14.5",
      "resolved": "https://registry.npmjs.org/uws/-/uws-0.14.5.tgz",
      "integrity": "sha1-Z6rzPEaypYel9mZtAPdpEyjxSdw="
    }
  }
}
