# THIS IS AN AUTOGENERATED FILE. DO NOT EDIT THIS FILE DIRECTLY.
# yarn lockfile v1


message-factory@games4nerds/message-factory:
  version "2.7.0"
  resolved "https://codeload.github.com/games4nerds/message-factory/tar.gz/7901de0c5c402a37e0f72d275c678d3ddc1d317c"

phoenix@games4nerds/phoenix:
  version "2.1.0"
  resolved "https://codeload.github.com/games4nerds/phoenix/tar.gz/b7f9d9ccf5ea9c6fd213ebe8e3d65ca9eb04620c"

uws@^0.14.0:
  version "0.14.1"
  resolved "https://registry.yarnpkg.com/uws/-/uws-0.14.1.tgz#89b8eb7bced272c65621472e878c57f4e0e00640"
