# THIS IS AN AUTOGENERATED FILE. DO NOT EDIT THIS FILE DIRECTLY.
# yarn lockfile v1


message-factory@21-23/message-factory:
  version "5.1.2"
  resolved "https://codeload.github.com/21-23/message-factory/tar.gz/8120aec3e0b9a64af6072bf31f2f7fa19bb6d120"

phoenix@21-23/phoenix:
  version "2.1.0"
  resolved "https://codeload.github.com/21-23/phoenix/tar.gz/03323aae3a9f7a237cbf538132190aca06872761"

uws@^0.14.0:
  version "0.14.1"
  resolved "https://registry.yarnpkg.com/uws/-/uws-0.14.1.tgz#89b8eb7bced272c65621472e878c57f4e0e00640"
